
Microsoft Visual Studio Solution File, Format Version 12.00
# Visual Studio Version 17
VisualStudioVersion = 17.8.34511.84
MinimumVisualStudioVersion = 10.0.40219.1
Project("{FAE04EC0-301F-11D3-BF4B-00C04F79EFBC}") = "FizzBuzzCS", "FizzBuzzCS.csproj", "{5EB06AE0-B786-4450-BA96-6A9D852762FF}"
EndProject
Global
	GlobalSection(SolutionConfigurationPlatforms) = preSolution
		Debug|Any CPU = Debug|Any CPU
		Release|Any CPU = Release|Any CPU
	EndGlobalSection
	GlobalSection(ProjectConfigurationPlatforms) = postSolution
		{5EB06AE0-B786-4450-BA96-6A9D852762FF}.Debug|Any CPU.ActiveCfg = Debug|Any CPU
		{5EB06AE0-B786-4450-BA96-6A9D852762FF}.Debug|Any CPU.Build.0 = Debug|Any CPU
		{5EB06AE0-B786-4450-BA96-6A9D852762FF}.Release|Any CPU.ActiveCfg = Release|Any CPU
		{5EB06AE0-B786-4450-BA96-6A9D852762FF}.Release|Any CPU.Build.0 = Release|Any CPU
	EndGlobalSection
	GlobalSection(SolutionProperties) = preSolution
		HideSolutionNode = FALSE
	EndGlobalSection
	GlobalSection(ExtensibilityGlobals) = postSolution
		SolutionGuid = {C4E1A50F-9FAE-45AC-9EDC-426FAEBAF2DF}
	EndGlobalSection
EndGlobal
